// !$*UTF8*$!
{
	archiveVersion = 1;
	classes = {
	};
	objectVersion = 50;
	objects = {

/* Begin PBXBuildFile section */
		D2D4EDF42316ED1400449812 /* AppDelegate.swift in Sources */ = {isa = PBXBuildFile; fileRef = D2D4EDF32316ED1400449812 /* AppDelegate.swift */; };
		D2D4EDF62316ED1400449812 /* ViewController.swift in Sources */ = {isa = PBXBuildFile; fileRef = D2D4EDF52316ED1400449812 /* ViewController.swift */; };
		D2D4EDF92316ED1400449812 /* Main.storyboard in Resources */ = {isa = PBXBuildFile; fileRef = D2D4EDF72316ED1400449812 /* Main.storyboard */; };
		D2D4EDFB2316ED1600449812 /* Assets.xcassets in Resources */ = {isa = PBXBuildFile; fileRef = D2D4EDFA2316ED1600449812 /* Assets.xcassets */; };
		D2D4EDFE2316ED1600449812 /* LaunchScreen.storyboard in Resources */ = {isa = PBXBuildFile; fileRef = D2D4EDFC2316ED1600449812 /* LaunchScreen.storyboard */; };
		D2D4EE092316ED1600449812 /* modern_calculatorTests.swift in Sources */ = {isa = PBXBuildFile; fileRef = D2D4EE082316ED1600449812 /* modern_calculatorTests.swift */; };
		D2D4EE142316ED1600449812 /* modern_calculatorUITests.swift in Sources */ = {isa = PBXBuildFile; fileRef = D2D4EE132316ED1600449812 /* modern_calculatorUITests.swift */; };
/* End PBXBuildFile section */

/* Begin PBXContainerItemProxy section */
		D2D4EE052316ED1600449812 /* PBXContainerItemProxy */ = {
			isa = PBXContainerItemProxy;
			containerPortal = D2D4EDE82316ED1400449812 /* Project object */;
			proxyType = 1;
			remoteGlobalIDString = D2D4EDEF2316ED1400449812;
			remoteInfo = modern_calculator;
		};
		D2D4EE102316ED1600449812 /* PBXContainerItemProxy */ = {
			isa = PBXContainerItemProxy;
			containerPortal = D2D4EDE82316ED1400449812 /* Project object */;
			proxyType = 1;
			remoteGlobalIDString = D2D4EDEF2316ED1400449812;
			remoteInfo = modern_calculator;
		};
/* End PBXContainerItemProxy section */

/* Begin PBXFileReference section */
		D2D4EDF02316ED1400449812 /* modern_calculator.app */ = {isa = PBXFileReference; explicitFileType = wrapper.application; includeInIndex = 0; path = modern_calculator.app; sourceTree = BUILT_PRODUCTS_DIR; };
		D2D4EDF32316ED1400449812 /* AppDelegate.swift */ = {isa = PBXFileReference; lastKnownFileType = sourcecode.swift; path = AppDelegate.swift; sourceTree = "<group>"; };
		D2D4EDF52316ED1400449812 /* ViewController.swift */ = {isa = PBXFileReference; lastKnownFileType = sourcecode.swift; path = ViewController.swift; sourceTree = "<group>"; };
		D2D4EDF82316ED1400449812 /* Base */ = {isa = PBXFileReference; lastKnownFileType = file.storyboard; name = Base; path = Base.lproj/Main.storyboard; sourceTree = "<group>"; };
		D2D4EDFA2316ED1600449812 /* Assets.xcassets */ = {isa = PBXFileReference; lastKnownFileType = folder.assetcatalog; path = Assets.xcassets; sourceTree = "<group>"; };
		D2D4EDFD2316ED1600449812 /* Base */ = {isa = PBXFileReference; lastKnownFileType = file.storyboard; name = Base; path = Base.lproj/LaunchScreen.storyboard; sourceTree = "<group>"; };
		D2D4EDFF2316ED1600449812 /* Info.plist */ = {isa = PBXFileReference; lastKnownFileType = text.plist.xml; path = Info.plist; sourceTree = "<group>"; };
		D2D4EE042316ED1600449812 /* modern_calculatorTests.xctest */ = {isa = PBXFileReference; explicitFileType = wrapper.cfbundle; includeInIndex = 0; path = modern_calculatorTests.xctest; sourceTree = BUILT_PRODUCTS_DIR; };
		D2D4EE082316ED1600449812 /* modern_calculatorTests.swift */ = {isa = PBXFileReference; lastKnownFileType = sourcecode.swift; path = modern_calculatorTests.swift; sourceTree = "<group>"; };
		D2D4EE0A2316ED1600449812 /* Info.plist */ = {isa = PBXFileReference; lastKnownFileType = text.plist.xml; path = Info.plist; sourceTree = "<group>"; };
		D2D4EE0F2316ED1600449812 /* modern_calculatorUITests.xctest */ = {isa = PBXFileReference; explicitFileType = wrapper.cfbundle; includeInIndex = 0; path = modern_calculatorUITests.xctest; sourceTree = BUILT_PRODUCTS_DIR; };
		D2D4EE132316ED1600449812 /* modern_calculatorUITests.swift */ = {isa = PBXFileReference; lastKnownFileType = sourcecode.swift; path = modern_calculatorUITests.swift; sourceTree = "<group>"; };
		D2D4EE152316ED1600449812 /* Info.plist */ = {isa = PBXFileReference; lastKnownFileType = text.plist.xml; path = Info.plist; sourceTree = "<group>"; };
/* End PBXFileReference section */

/* Begin PBXFrameworksBuildPhase section */
		D2D4EDED2316ED1400449812 /* Frameworks */ = {
			isa = PBXFrameworksBuildPhase;
			buildActionMask = 2147483647;
			files = (
			);
			runOnlyForDeploymentPostprocessing = 0;
		};
		D2D4EE012316ED1600449812 /* Frameworks */ = {
			isa = PBXFrameworksBuildPhase;
			buildActionMask = 2147483647;
			files = (
			);
			runOnlyForDeploymentPostprocessing = 0;
		};
		D2D4EE0C2316ED1600449812 /* Frameworks */ = {
			isa = PBXFrameworksBuildPhase;
			buildActionMask = 2147483647;
			files = (
			);
			runOnlyForDeploymentPostprocessing = 0;
		};
/* End PBXFrameworksBuildPhase section */

/* Begin PBXGroup section */
		D2D4EDE72316ED1400449812 = {
			isa = PBXGroup;
			children = (
				D2D4EDF22316ED1400449812 /* modern_calculator */,
				D2D4EE072316ED1600449812 /* modern_calculatorTests */,
				D2D4EE122316ED1600449812 /* modern_calculatorUITests */,
				D2D4EDF12316ED1400449812 /* Products */,
			);
			sourceTree = "<group>";
		};
		D2D4EDF12316ED1400449812 /* Products */ = {
			isa = PBXGroup;
			children = (
				D2D4EDF02316ED1400449812 /* modern_calculator.app */,
				D2D4EE042316ED1600449812 /* modern_calculatorTests.xctest */,
				D2D4EE0F2316ED1600449812 /* modern_calculatorUITests.xctest */,
			);
			name = Products;
			sourceTree = "<group>";
		};
		D2D4EDF22316ED1400449812 /* modern_calculator */ = {
			isa = PBXGroup;
			children = (
				D2D4EDF32316ED1400449812 /* AppDelegate.swift */,
				D2D4EDF52316ED1400449812 /* ViewController.swift */,
				D2D4EDF72316ED1400449812 /* Main.storyboard */,
				D2D4EDFA2316ED1600449812 /* Assets.xcassets */,
				D2D4EDFC2316ED1600449812 /* LaunchScreen.storyboard */,
				D2D4EDFF2316ED1600449812 /* Info.plist */,
			);
			path = modern_calculator;
			sourceTree = "<group>";
		};
		D2D4EE072316ED1600449812 /* modern_calculatorTests */ = {
			isa = PBXGroup;
			children = (
				D2D4EE082316ED1600449812 /* modern_calculatorTests.swift */,
				D2D4EE0A2316ED1600449812 /* Info.plist */,
			);
			path = modern_calculatorTests;
			sourceTree = "<group>";
		};
		D2D4EE122316ED1600449812 /* modern_calculatorUITests */ = {
			isa = PBXGroup;
			children = (
				D2D4EE132316ED1600449812 /* modern_calculatorUITests.swift */,
				D2D4EE152316ED1600449812 /* Info.plist */,
			);
			path = modern_calculatorUITests;
			sourceTree = "<group>";
		};
/* End PBXGroup section */

/* Begin PBXNativeTarget section */
		D2D4EDEF2316ED1400449812 /* modern_calculator */ = {
			isa = PBXNativeTarget;
			buildConfigurationList = D2D4EE182316ED1600449812 /* Build configuration list for PBXNativeTarget "modern_calculator" */;
			buildPhases = (
				D2D4EDEC2316ED1400449812 /* Sources */,
				D2D4EDED2316ED1400449812 /* Frameworks */,
				D2D4EDEE2316ED1400449812 /* Resources */,
			);
			buildRules = (
			);
			dependencies = (
			);
			name = modern_calculator;
			productName = modern_calculator;
			productReference = D2D4EDF02316ED1400449812 /* modern_calculator.app */;
			productType = "com.apple.product-type.application";
		};
		D2D4EE032316ED1600449812 /* modern_calculatorTests */ = {
			isa = PBXNativeTarget;
			buildConfigurationList = D2D4EE1B2316ED1600449812 /* Build configuration list for PBXNativeTarget "modern_calculatorTests" */;
			buildPhases = (
				D2D4EE002316ED1600449812 /* Sources */,
				D2D4EE012316ED1600449812 /* Frameworks */,
				D2D4EE022316ED1600449812 /* Resources */,
			);
			buildRules = (
			);
			dependencies = (
				D2D4EE062316ED1600449812 /* PBXTargetDependency */,
			);
			name = modern_calculatorTests;
			productName = modern_calculatorTests;
			productReference = D2D4EE042316ED1600449812 /* modern_calculatorTests.xctest */;
			productType = "com.apple.product-type.bundle.unit-test";
		};
		D2D4EE0E2316ED1600449812 /* modern_calculatorUITests */ = {
			isa = PBXNativeTarget;
			buildConfigurationList = D2D4EE1E2316ED1600449812 /* Build configuration list for PBXNativeTarget "modern_calculatorUITests" */;
			buildPhases = (
				D2D4EE0B2316ED1600449812 /* Sources */,
				D2D4EE0C2316ED1600449812 /* Frameworks */,
				D2D4EE0D2316ED1600449812 /* Resources */,
			);
			buildRules = (
			);
			dependencies = (
				D2D4EE112316ED1600449812 /* PBXTargetDependency */,
			);
			name = modern_calculatorUITests;
			productName = modern_calculatorUITests;
			productReference = D2D4EE0F2316ED1600449812 /* modern_calculatorUITests.xctest */;
			productType = "com.apple.product-type.bundle.ui-testing";
		};
/* End PBXNativeTarget section */

/* Begin PBXProject section */
		D2D4EDE82316ED1400449812 /* Project object */ = {
			isa = PBXProject;
			attributes = {
				LastSwiftUpdateCheck = 1020;
				LastUpgradeCheck = 1020;
				ORGANIZATIONNAME = Yossef;
				TargetAttributes = {
					D2D4EDEF2316ED1400449812 = {
						CreatedOnToolsVersion = 10.2;
					};
					D2D4EE032316ED1600449812 = {
						CreatedOnToolsVersion = 10.2;
						TestTargetID = D2D4EDEF2316ED1400449812;
					};
					D2D4EE0E2316ED1600449812 = {
						CreatedOnToolsVersion = 10.2;
						TestTargetID = D2D4EDEF2316ED1400449812;
					};
				};
			};
			buildConfigurationList = D2D4EDEB2316ED1400449812 /* Build configuration list for PBXProject "modern_calculator" */;
			compatibilityVersion = "Xcode 9.3";
			developmentRegion = en;
			hasScannedForEncodings = 0;
			knownRegions = (
				en,
				Base,
			);
			mainGroup = D2D4EDE72316ED1400449812;
			productRefGroup = D2D4EDF12316ED1400449812 /* Products */;
			projectDirPath = "";
			projectRoot = "";
			targets = (
				D2D4EDEF2316ED1400449812 /* modern_calculator */,
				D2D4EE032316ED1600449812 /* modern_calculatorTests */,
				D2D4EE0E2316ED1600449812 /* modern_calculatorUITests */,
			);
		};
/* End PBXProject section */

/* Begin PBXResourcesBuildPhase section */
		D2D4EDEE2316ED1400449812 /* Resources */ = {
			isa = PBXResourcesBuildPhase;
			buildActionMask = 2147483647;
			files = (
				D2D4EDFE2316ED1600449812 /* LaunchScreen.storyboard in Resources */,
				D2D4EDFB2316ED1600449812 /* Assets.xcassets in Resources */,
				D2D4EDF92316ED1400449812 /* Main.storyboard in Resources */,
			);
			runOnlyForDeploymentPostprocessing = 0;
		};
		D2D4EE022316ED1600449812 /* Resources */ = {
			isa = PBXResourcesBuildPhase;
			buildActionMask = 2147483647;
			files = (
			);
			runOnlyForDeploymentPostprocessing = 0;
		};
		D2D4EE0D2316ED1600449812 /* Resources */ = {
			isa = PBXResourcesBuildPhase;
			buildActionMask = 2147483647;
			files = (
			);
			runOnlyForDeploymentPostprocessing = 0;
		};
/* End PBXResourcesBuildPhase section */

/* Begin PBXSourcesBuildPhase section */
		D2D4EDEC2316ED1400449812 /* Sources */ = {
			isa = PBXSourcesBuildPhase;
			buildActionMask = 2147483647;
			files = (
				D2D4EDF62316ED1400449812 /* ViewController.swift in Sources */,
				D2D4EDF42316ED1400449812 /* AppDelegate.swift in Sources */,
			);
			runOnlyForDeploymentPostprocessing = 0;
		};
		D2D4EE002316ED1600449812 /* Sources */ = {
			isa = PBXSourcesBuildPhase;
			buildActionMask = 2147483647;
			files = (
				D2D4EE092316ED1600449812 /* modern_calculatorTests.swift in Sources */,
			);
			runOnlyForDeploymentPostprocessing = 0;
		};
		D2D4EE0B2316ED1600449812 /* Sources */ = {
			isa = PBXSourcesBuildPhase;
			buildActionMask = 2147483647;
			files = (
				D2D4EE142316ED1600449812 /* modern_calculatorUITests.swift in Sources */,
			);
			runOnlyForDeploymentPostprocessing = 0;
		};
/* End PBXSourcesBuildPhase section */

/* Begin PBXTargetDependency section */
		D2D4EE062316ED1600449812 /* PBXTargetDependency */ = {
			isa = PBXTargetDependency;
			target = D2D4EDEF2316ED1400449812 /* modern_calculator */;
			targetProxy = D2D4EE052316ED1600449812 /* PBXContainerItemProxy */;
		};
		D2D4EE112316ED1600449812 /* PBXTargetDependency */ = {
			isa = PBXTargetDependency;
			target = D2D4EDEF2316ED1400449812 /* modern_calculator */;
			targetProxy = D2D4EE102316ED1600449812 /* PBXContainerItemProxy */;
		};
/* End PBXTargetDependency section */

/* Begin PBXVariantGroup section */
		D2D4EDF72316ED1400449812 /* Main.storyboard */ = {
			isa = PBXVariantGroup;
			children = (
				D2D4EDF82316ED1400449812 /* Base */,
			);
			name = Main.storyboard;
			sourceTree = "<group>";
		};
		D2D4EDFC2316ED1600449812 /* LaunchScreen.storyboard */ = {
			isa = PBXVariantGroup;
			children = (
				D2D4EDFD2316ED1600449812 /* Base */,
			);
			name = LaunchScreen.storyboard;
			sourceTree = "<group>";
		};
/* End PBXVariantGroup section */

/* Begin XCBuildConfiguration section */
		D2D4EE162316ED1600449812 /* Debug */ = {
			isa = XCBuildConfiguration;
			buildSettings = {
				ALWAYS_SEARCH_USER_PATHS = NO;
				CLANG_ANALYZER_NONNULL = YES;
				CLANG_ANALYZER_NUMBER_OBJECT_CONVERSION = YES_AGGRESSIVE;
				CLANG_CXX_LANGUAGE_STANDARD = "gnu++14";
				CLANG_CXX_LIBRARY = "libc++";
				CLANG_ENABLE_MODULES = YES;
				CLANG_ENABLE_OBJC_ARC = YES;
				CLANG_ENABLE_OBJC_WEAK = YES;
				CLANG_WARN_BLOCK_CAPTURE_AUTORELEASING = YES;
				CLANG_WARN_BOOL_CONVERSION = YES;
				CLANG_WARN_COMMA = YES;
				CLANG_WARN_CONSTANT_CONVERSION = YES;
				CLANG_WARN_DEPRECATED_OBJC_IMPLEMENTATIONS = YES;
				CLANG_WARN_DIRECT_OBJC_ISA_USAGE = YES_ERROR;
				CLANG_WARN_DOCUMENTATION_COMMENTS = YES;
				CLANG_WARN_EMPTY_BODY = YES;
				CLANG_WARN_ENUM_CONVERSION = YES;
				CLANG_WARN_INFINITE_RECURSION = YES;
				CLANG_WARN_INT_CONVERSION = YES;
				CLANG_WARN_NON_LITERAL_NULL_CONVERSION = YES;
				CLANG_WARN_OBJC_IMPLICIT_RETAIN_SELF = YES;
				CLANG_WARN_OBJC_LITERAL_CONVERSION = YES;
				CLANG_WARN_OBJC_ROOT_CLASS = YES_ERROR;
				CLANG_WARN_RANGE_LOOP_ANALYSIS = YES;
				CLANG_WARN_STRICT_PROTOTYPES = YES;
				CLANG_WARN_SUSPICIOUS_MOVE = YES;
				CLANG_WARN_UNGUARDED_AVAILABILITY = YES_AGGRESSIVE;
				CLANG_WARN_UNREACHABLE_CODE = YES;
				CLANG_WARN__DUPLICATE_METHOD_MATCH = YES;
				CODE_SIGN_IDENTITY = "iPhone Developer";
				COPY_PHASE_STRIP = NO;
				DEBUG_INFORMATION_FORMAT = dwarf;
				ENABLE_STRICT_OBJC_MSGSEND = YES;
				ENABLE_TESTABILITY = YES;
				GCC_C_LANGUAGE_STANDARD = gnu11;
				GCC_DYNAMIC_NO_PIC = NO;
				GCC_NO_COMMON_BLOCKS = YES;
				GCC_OPTIMIZATION_LEVEL = 0;
				GCC_PREPROCESSOR_DEFINITIONS = (
					"DEBUG=1",
					"$(inherited)",
				);
				GCC_WARN_64_TO_32_BIT_CONVERSION = YES;
				GCC_WARN_ABOUT_RETURN_TYPE = YES_ERROR;
				GCC_WARN_UNDECLARED_SELECTOR = YES;
				GCC_WARN_UNINITIALIZED_AUTOS = YES_AGGRESSIVE;
				GCC_WARN_UNUSED_FUNCTION = YES;
				GCC_WARN_UNUSED_VARIABLE = YES;
				IPHONEOS_DEPLOYMENT_TARGET = 12.2;
				MTL_ENABLE_DEBUG_INFO = INCLUDE_SOURCE;
				MTL_FAST_MATH = YES;
				ONLY_ACTIVE_ARCH = YES;
				SDKROOT = iphoneos;
				SWIFT_ACTIVE_COMPILATION_CONDITIONS = DEBUG;
				SWIFT_OPTIMIZATION_LEVEL = "-Onone";
			};
			name = Debug;
		};
		D2D4EE172316ED1600449812 /* Release */ = {
			isa = XCBuildConfiguration;
			buildSettings = {
				ALWAYS_SEARCH_USER_PATHS = NO;
				CLANG_ANALYZER_NONNULL = YES;
				CLANG_ANALYZER_NUMBER_OBJECT_CONVERSION = YES_AGGRESSIVE;
				CLANG_CXX_LANGUAGE_STANDARD = "gnu++14";
				CLANG_CXX_LIBRARY = "libc++";
				CLANG_ENABLE_MODULES = YES;
				CLANG_ENABLE_OBJC_ARC = YES;
				CLANG_ENABLE_OBJC_WEAK = YES;
				CLANG_WARN_BLOCK_CAPTURE_AUTORELEASING = YES;
				CLANG_WARN_BOOL_CONVERSION = YES;
				CLANG_WARN_COMMA = YES;
				CLANG_WARN_CONSTANT_CONVERSION = YES;
				CLANG_WARN_DEPRECATED_OBJC_IMPLEMENTATIONS = YES;
				CLANG_WARN_DIRECT_OBJC_ISA_USAGE = YES_ERROR;
				CLANG_WARN_DOCUMENTATION_COMMENTS = YES;
				CLANG_WARN_EMPTY_BODY = YES;
				CLANG_WARN_ENUM_CONVERSION = YES;
				CLANG_WARN_INFINITE_RECURSION = YES;
				CLANG_WARN_INT_CONVERSION = YES;
				CLANG_WARN_NON_LITERAL_NULL_CONVERSION = YES;
				CLANG_WARN_OBJC_IMPLICIT_RETAIN_SELF = YES;
				CLANG_WARN_OBJC_LITERAL_CONVERSION = YES;
				CLANG_WARN_OBJC_ROOT_CLASS = YES_ERROR;
				CLANG_WARN_RANGE_LOOP_ANALYSIS = YES;
				CLANG_WARN_STRICT_PROTOTYPES = YES;
				CLANG_WARN_SUSPICIOUS_MOVE = YES;
				CLANG_WARN_UNGUARDED_AVAILABILITY = YES_AGGRESSIVE;
				CLANG_WARN_UNREACHABLE_CODE = YES;
				CLANG_WARN__DUPLICATE_METHOD_MATCH = YES;
				CODE_SIGN_IDENTITY = "iPhone Developer";
				COPY_PHASE_STRIP = NO;
				DEBUG_INFORMATION_FORMAT = "dwarf-with-dsym";
				ENABLE_NS_ASSERTIONS = NO;
				ENABLE_STRICT_OBJC_MSGSEND = YES;
				GCC_C_LANGUAGE_STANDARD = gnu11;
				GCC_NO_COMMON_BLOCKS = YES;
				GCC_WARN_64_TO_32_BIT_CONVERSION = YES;
				GCC_WARN_ABOUT_RETURN_TYPE = YES_ERROR;
				GCC_WARN_UNDECLARED_SELECTOR = YES;
				GCC_WARN_UNINITIALIZED_AUTOS = YES_AGGRESSIVE;
				GCC_WARN_UNUSED_FUNCTION = YES;
				GCC_WARN_UNUSED_VARIABLE = YES;
				IPHONEOS_DEPLOYMENT_TARGET = 12.2;
				MTL_ENABLE_DEBUG_INFO = NO;
				MTL_FAST_MATH = YES;
				SDKROOT = iphoneos;
				SWIFT_COMPILATION_MODE = wholemodule;
				SWIFT_OPTIMIZATION_LEVEL = "-O";
				VALIDATE_PRODUCT = YES;
			};
			name = Release;
		};
		D2D4EE192316ED1600449812 /* Debug */ = {
			isa = XCBuildConfiguration;
			buildSettings = {
				ASSETCATALOG_COMPILER_APPICON_NAME = AppIcon;
				CODE_SIGN_STYLE = Automatic;
				INFOPLIST_FILE = modern_calculator/Info.plist;
				LD_RUNPATH_SEARCH_PATHS = (
					"$(inherited)",
					"@executable_path/Frameworks",
				);
				PRODUCT_BUNDLE_IDENTIFIER = "com.youssef.modern-calculator";
				PRODUCT_NAME = "$(TARGET_NAME)";
				SWIFT_VERSION = 5.0;
				TARGETED_DEVICE_FAMILY = "1,2";
			};
			name = Debug;
		};
		D2D4EE1A2316ED1600449812 /* Release */ = {
			isa = XCBuildConfiguration;
			buildSettings = {
				ASSETCATALOG_COMPILER_APPICON_NAME = AppIcon;
				CODE_SIGN_STYLE = Automatic;
				INFOPLIST_FILE = modern_calculator/Info.plist;
				LD_RUNPATH_SEARCH_PATHS = (
					"$(inherited)",
					"@executable_path/Frameworks",
				);
				PRODUCT_BUNDLE_IDENTIFIER = "com.youssef.modern-calculator";
				PRODUCT_NAME = "$(TARGET_NAME)";
				SWIFT_VERSION = 5.0;
				TARGETED_DEVICE_FAMILY = "1,2";
			};
			name = Release;
		};
		D2D4EE1C2316ED1600449812 /* Debug */ = {
			isa = XCBuildConfiguration;
			buildSettings = {
				ALWAYS_EMBED_SWIFT_STANDARD_LIBRARIES = YES;
				BUNDLE_LOADER = "$(TEST_HOST)";
				CODE_SIGN_STYLE = Automatic;
				INFOPLIST_FILE = modern_calculatorTests/Info.plist;
				LD_RUNPATH_SEARCH_PATHS = (
					"$(inherited)",
					"@executable_path/Frameworks",
					"@loader_path/Frameworks",
				);
				PRODUCT_BUNDLE_IDENTIFIER = "com.youssef.modern-calculatorTests";
				PRODUCT_NAME = "$(TARGET_NAME)";
				SWIFT_VERSION = 5.0;
				TARGETED_DEVICE_FAMILY = "1,2";
				TEST_HOST = "$(BUILT_PRODUCTS_DIR)/modern_calculator.app/modern_calculator";
			};
			name = Debug;
		};
		D2D4EE1D2316ED1600449812 /* Release */ = {
			isa = XCBuildConfiguration;
			buildSettings = {
				ALWAYS_EMBED_SWIFT_STANDARD_LIBRARIES = YES;
				BUNDLE_LOADER = "$(TEST_HOST)";
				CODE_SIGN_STYLE = Automatic;
				INFOPLIST_FILE = modern_calculatorTests/Info.plist;
				LD_RUNPATH_SEARCH_PATHS = (
					"$(inherited)",
					"@executable_path/Frameworks",
					"@loader_path/Frameworks",
				);
				PRODUCT_BUNDLE_IDENTIFIER = "com.youssef.modern-calculatorTests";
				PRODUCT_NAME = "$(TARGET_NAME)";
				SWIFT_VERSION = 5.0;
				TARGETED_DEVICE_FAMILY = "1,2";
				TEST_HOST = "$(BUILT_PRODUCTS_DIR)/modern_calculator.app/modern_calculator";
			};
			name = Release;
		};
		D2D4EE1F2316ED1600449812 /* Debug */ = {
			isa = XCBuildConfiguration;
			buildSettings = {
				ALWAYS_EMBED_SWIFT_STANDARD_LIBRARIES = YES;
				CODE_SIGN_STYLE = Automatic;
				INFOPLIST_FILE = modern_calculatorUITests/Info.plist;
				LD_RUNPATH_SEARCH_PATHS = (
					"$(inherited)",
					"@executable_path/Frameworks",
					"@loader_path/Frameworks",
				);
				PRODUCT_BUNDLE_IDENTIFIER = "com.youssef.modern-calculatorUITests";
				PRODUCT_NAME = "$(TARGET_NAME)";
				SWIFT_VERSION = 5.0;
				TARGETED_DEVICE_FAMILY = "1,2";
				TEST_TARGET_NAME = modern_calculator;
			};
			name = Debug;
		};
		D2D4EE202316ED1600449812 /* Release */ = {
			isa = XCBuildConfiguration;
			buildSettings = {
				ALWAYS_EMBED_SWIFT_STANDARD_LIBRARIES = YES;
				CODE_SIGN_STYLE = Automatic;
				INFOPLIST_FILE = modern_calculatorUITests/Info.plist;
				LD_RUNPATH_SEARCH_PATHS = (
					"$(inherited)",
					"@executable_path/Frameworks",
					"@loader_path/Frameworks",
				);
				PRODUCT_BUNDLE_IDENTIFIER = "com.youssef.modern-calculatorUITests";
				PRODUCT_NAME = "$(TARGET_NAME)";
				SWIFT_VERSION = 5.0;
				TARGETED_DEVICE_FAMILY = "1,2";
				TEST_TARGET_NAME = modern_calculator;
			};
			name = Release;
		};
/* End XCBuildConfiguration section */

/* Begin XCConfigurationList section */
		D2D4EDEB2316ED1400449812 /* Build configuration list for PBXProject "modern_calculator" */ = {
			isa = XCConfigurationList;
			buildConfigurations = (
				D2D4EE162316ED1600449812 /* Debug */,
				D2D4EE172316ED1600449812 /* Release */,
			);
			defaultConfigurationIsVisible = 0;
			defaultConfigurationName = Release;
		};
		D2D4EE182316ED1600449812 /* Build configuration list for PBXNativeTarget "modern_calculator" */ = {
			isa = XCConfigurationList;
			buildConfigurations = (
				D2D4EE192316ED1600449812 /* Debug */,
				D2D4EE1A2316ED1600449812 /* Release */,
			);
			defaultConfigurationIsVisible = 0;
			defaultConfigurationName = Release;
		};
		D2D4EE1B2316ED1600449812 /* Build configuration list for PBXNativeTarget "modern_calculatorTests" */ = {
			isa = XCConfigurationList;
			buildConfigurations = (
				D2D4EE1C2316ED1600449812 /* Debug */,
				D2D4EE1D2316ED1600449812 /* Release */,
			);
			defaultConfigurationIsVisible = 0;
			defaultConfigurationName = Release;
		};
		D2D4EE1E2316ED1600449812 /* Build configuration list for PBXNativeTarget "modern_calculatorUITests" */ = {
			isa = XCConfigurationList;
			buildConfigurations = (
				D2D4EE1F2316ED1600449812 /* Debug */,
				D2D4EE202316ED1600449812 /* Release */,
			);
			defaultConfigurationIsVisible = 0;
			defaultConfigurationName = Release;
		};
/* End XCConfigurationList section */
	};
	rootObject = D2D4EDE82316ED1400449812 /* Project object */;
}
